<?xml version="1.0" encoding="utf-8"?>
<Project ToolsVersion="4.0" xmlns="http://schemas.microsoft.com/developer/msbuild/2003">
  <ItemGroup>
    <Filter Include="00. Foundation">
      <UniqueIdentifier>{0b51adb7-ad10-4eda-a80a-1f6819505af9}</UniqueIdentifier>
    </Filter>
    <Filter Include="00. Foundation\리소스 파일">
      <UniqueIdentifier>{67DA6AB6-F800-4c08-8B7A-83BB121AAD01}</UniqueIdentifier>
      <Extensions>rc;ico;cur;bmp;dlg;rc2;rct;bin;rgs;gif;jpg;jpeg;jpe;resx;tiff;tif;png;wav;mfcribbon-ms</Extensions>
    </Filter>
    <Filter Include="01. Base">
      <UniqueIdentifier>{4FC737F1-C7A5-4376-A066-2A32D752A2FF}</UniqueIdentifier>
      <Extensions>cpp;c;cc;cxx;c++;cppm;ixx;def;odl;idl;hpj;bat;asm;asmx</Extensions>
    </Filter>
    <Filter Include="99. Extra">
      <UniqueIdentifier>{93995380-89BD-4b04-88EB-625FBE52EBFB}</UniqueIdentifier>
      <Extensions>h;hh;hpp;hxx;h++;hm;inl;inc;ipp;xsd</Extensions>
    </Filter>
    <Filter Include="02. Scene">
      <UniqueIdentifier>{1a6a1c7d-5e3e-45ee-8658-64f801bd9b77}</UniqueIdentifier>
    </Filter>
    <Filter Include="02. Scene\MainScene">
      <UniqueIdentifier>{cd795d8b-3ee8-4671-ab55-4c27c09e638e}</UniqueIdentifier>
    </Filter>
    <Filter Include="02. Scene\MainScene\GameObject">
      <UniqueIdentifier>{d7bfe00e-da5c-4aef-a90a-7cfb5dc5ed40}</UniqueIdentifier>
    </Filter>
    <Filter Include="02. Scene\MainScene\Extra">
      <UniqueIdentifier>{7025c34e-8457-4b83-b161-ad5ac3f9495f}</UniqueIdentifier>
    </Filter>
  </ItemGroup>
  <ItemGroup>
    <ClInclude Include="framework.h">
      <Filter>00. Foundation</Filter>
    </ClInclude>
    <ClInclude Include="JusinSRClient.h">
      <Filter>00. Foundation</Filter>
    </ClInclude>
    <ClInclude Include="Resource.h">
      <Filter>00. Foundation</Filter>
    </ClInclude>
    <ClInclude Include="targetver.h">
      <Filter>00. Foundation</Filter>
    </ClInclude>
    <ClInclude Include="pch.h">
      <Filter>01. Base</Filter>
    </ClInclude>
    <ClInclude Include="..\Header\ClientApp.h">
      <Filter>01. Base</Filter>
    </ClInclude>
    <ClInclude Include="..\Header\Player.h">
      <Filter>02. Scene\MainScene\GameObject</Filter>
    </ClInclude>
    <ClInclude Include="..\Header\TestObject.h">
      <Filter>02. Scene\MainScene\GameObject</Filter>
    </ClInclude>
    <ClInclude Include="..\Header\MainScene.h">
      <Filter>02. Scene\MainScene</Filter>
    </ClInclude>
    <ClInclude Include="..\Header\GlobalArea.h">
      <Filter>01. Base</Filter>
    </ClInclude>
    <ClInclude Include="..\Header\TileManager.h">
      <Filter>02. Scene\MainScene\Extra</Filter>
    </ClInclude>
    <ClInclude Include="..\Header\Tile.h">
      <Filter>02. Scene\MainScene\Extra</Filter>
    </ClInclude>
    <ClInclude Include="..\Header\TestTerrain.h">
      <Filter>02. Scene\MainScene\Extra</Filter>
    </ClInclude>
    <ClInclude Include="..\Header\Skybox.h">
      <Filter>02. Scene\MainScene\GameObject</Filter>
    </ClInclude>
  </ItemGroup>
  <ItemGroup>
    <ClCompile Include="JusinSRClient.cpp">
      <Filter>00. Foundation</Filter>
    </ClCompile>
    <ClCompile Include="pch.cpp">
      <Filter>01. Base</Filter>
    </ClCompile>
    <ClCompile Include="..\Code\ClientApp.cpp">
      <Filter>01. Base</Filter>
    </ClCompile>
    <ClCompile Include="..\Code\Player.cpp">
      <Filter>02. Scene\MainScene\GameObject</Filter>
    </ClCompile>
    <ClCompile Include="..\Code\MainScene.cpp">
      <Filter>02. Scene\MainScene</Filter>
    </ClCompile>
    <ClCompile Include="..\Code\TileManager.cpp">
      <Filter>02. Scene\MainScene\Extra</Filter>
    </ClCompile>
    <ClCompile Include="..\Code\Tile.cpp">
      <Filter>02. Scene\MainScene\Extra</Filter>
    </ClCompile>
    <ClCompile Include="..\Code\TestObject.cpp">
      <Filter>02. Scene\MainScene\GameObject</Filter>
    </ClCompile>
    <ClCompile Include="..\Code\TestTerrain.cpp">
      <Filter>02. Scene\MainScene\Extra</Filter>
    </ClCompile>
    <ClCompile Include="..\Header\Skybox.cpp">
      <Filter>02. Scene\MainScene\GameObject</Filter>
    </ClCompile>
  </ItemGroup>
  <ItemGroup>
    <ResourceCompile Include="JusinSRClient.rc">
      <Filter>00. Foundation\리소스 파일</Filter>
    </ResourceCompile>
  </ItemGroup>
  <ItemGroup>
    <Image Include="small.ico">
      <Filter>00. Foundation\리소스 파일</Filter>
    </Image>
    <Image Include="JusinSRClient.ico">
      <Filter>00. Foundation\리소스 파일</Filter>
    </Image>
  </ItemGroup>
</Project>